{
  "requires": true,
  "lockfileVersion": 1,
  "dependencies": {
    "bulma-popover": {
      "version": "1.0.0",
      "resolved": "https://registry.npmjs.org/bulma-popover/-/bulma-popover-1.0.0.tgz",
      "integrity": "sha512-uc74pIcFIBG7vJMOOYwlcsyiN5HH1LmeDbDame2gLAtiM7EFGsHe58L6wQr6GNDJNrN/adwE2tNzqIb1yjL/Bw=="
    }
  }
}
